// !$*UTF8*$!
{
	archiveVersion = 1;
	classes = {
	};
	objectVersion = 70;
	objects = {

/* Begin PBXBuildFile section */
		B80000001234567800000001 /* CVRtrackerApp.swift in Sources */ = {isa = PBXBuildFile; fileRef = B80000011234567800000001 /* CVRtrackerApp.swift */; };
		B80000021234567800000002 /* ContentView.swift in Sources */ = {isa = PBXBuildFile; fileRef = B80000031234567800000002 /* ContentView.swift */; };
		B80000041234567800000003 /* BPReading.swift in Sources */ = {isa = PBXBuildFile; fileRef = B80000051234567800000003 /* BPReading.swift */; };
		B80000061234567800000004 /* UserProfile.swift in Sources */ = {isa = PBXBuildFile; fileRef = B80000071234567800000004 /* UserProfile.swift */; };
		B80000081234567800000005 /* Calculations.swift in Sources */ = {isa = PBXBuildFile; fileRef = B80000091234567800000005 /* Calculations.swift */; };
		B800000A1234567800000006 /* DashboardView.swift in Sources */ = {isa = PBXBuildFile; fileRef = B800000B1234567800000006 /* DashboardView.swift */; };
		B800000C1234567800000007 /* BPEntryView.swift in Sources */ = {isa = PBXBuildFile; fileRef = B800000D1234567800000007 /* BPEntryView.swift */; };
		B800000E1234567800000008 /* HistoryView.swift in Sources */ = {isa = PBXBuildFile; fileRef = B800000F1234567800000008 /* HistoryView.swift */; };
		B80000101234567800000009 /* TrendChartView.swift in Sources */ = {isa = PBXBuildFile; fileRef = B80000111234567800000009 /* TrendChartView.swift */; };
		B8000012123456780000000A /* ProfileView.swift in Sources */ = {isa = PBXBuildFile; fileRef = B8000013123456780000000A /* ProfileView.swift */; };
		B8000014123456780000000B /* RiskResultView.swift in Sources */ = {isa = PBXBuildFile; fileRef = B8000015123456780000000B /* RiskResultView.swift */; };
		B8000016123456780000000C /* Assets.xcassets in Resources */ = {isa = PBXBuildFile; fileRef = B8000017123456780000000C /* Assets.xcassets */; };
		B8000018123456780000000D /* LipidReading.swift in Sources */ = {isa = PBXBuildFile; fileRef = B8000019123456780000000D /* LipidReading.swift */; };
		B800001A123456780000000E /* LipidEntryView.swift in Sources */ = {isa = PBXBuildFile; fileRef = B800001B123456780000000E /* LipidEntryView.swift */; };
		B800001C123456780000000F /* LipidHistoryView.swift in Sources */ = {isa = PBXBuildFile; fileRef = B800001D123456780000000F /* LipidHistoryView.swift */; };
		B800001E1234567800000010 /* SchemaVersioning.swift in Sources */ = {isa = PBXBuildFile; fileRef = B800001F1234567800000010 /* SchemaVersioning.swift */; };
		B80000201234567800000011 /* HelpContent.swift in Sources */ = {isa = PBXBuildFile; fileRef = B80000211234567800000011 /* HelpContent.swift */; };
		B80000221234567800000012 /* TutorialView.swift in Sources */ = {isa = PBXBuildFile; fileRef = B80000231234567800000012 /* TutorialView.swift */; };
		B80000241234567800000013 /* HealthKitManager.swift in Sources */ = {isa = PBXBuildFile; fileRef = B80000251234567800000013 /* HealthKitManager.swift */; };
		B80000261234567800000014 /* iCloudSyncManager.swift in Sources */ = {isa = PBXBuildFile; fileRef = B80000271234567800000014 /* iCloudSyncManager.swift */; };
/* End PBXBuildFile section */

/* Begin PBXContainerItemProxy section */
		6F1031E82F12371800A5B666 /* PBXContainerItemProxy */ = {
			isa = PBXContainerItemProxy;
			containerPortal = B80000701234567800000060 /* Project object */;
			proxyType = 1;
			remoteGlobalIDString = B80000501234567800000040;
			remoteInfo = CVRtracker;
		};
/* End PBXContainerItemProxy section */

/* Begin PBXFileReference section */
		6F1031D12F11D49800A5B666 /* CVRtracker.entitlements */ = {isa = PBXFileReference; lastKnownFileType = text.plist.entitlements; path = CVRtracker.entitlements; sourceTree = "<group>"; };
		6F1031E22F12371800A5B666 /* CVRtrackerTests.xctest */ = {isa = PBXFileReference; explicitFileType = wrapper.cfbundle; includeInIndex = 0; path = CVRtrackerTests.xctest; sourceTree = BUILT_PRODUCTS_DIR; };
		B80000011234567800000001 /* CVRtrackerApp.swift */ = {isa = PBXFileReference; lastKnownFileType = sourcecode.swift; path = CVRtrackerApp.swift; sourceTree = "<group>"; };
		B80000031234567800000002 /* ContentView.swift */ = {isa = PBXFileReference; lastKnownFileType = sourcecode.swift; path = ContentView.swift; sourceTree = "<group>"; };
		B80000051234567800000003 /* BPReading.swift */ = {isa = PBXFileReference; lastKnownFileType = sourcecode.swift; path = BPReading.swift; sourceTree = "<group>"; };
		B80000071234567800000004 /* UserProfile.swift */ = {isa = PBXFileReference; lastKnownFileType = sourcecode.swift; path = UserProfile.swift; sourceTree = "<group>"; };
		B80000091234567800000005 /* Calculations.swift */ = {isa = PBXFileReference; lastKnownFileType = sourcecode.swift; path = Calculations.swift; sourceTree = "<group>"; };
		B800000B1234567800000006 /* DashboardView.swift */ = {isa = PBXFileReference; lastKnownFileType = sourcecode.swift; path = DashboardView.swift; sourceTree = "<group>"; };
		B800000D1234567800000007 /* BPEntryView.swift */ = {isa = PBXFileReference; lastKnownFileType = sourcecode.swift; path = BPEntryView.swift; sourceTree = "<group>"; };
		B800000F1234567800000008 /* HistoryView.swift */ = {isa = PBXFileReference; lastKnownFileType = sourcecode.swift; path = HistoryView.swift; sourceTree = "<group>"; };
		B80000111234567800000009 /* TrendChartView.swift */ = {isa = PBXFileReference; lastKnownFileType = sourcecode.swift; path = TrendChartView.swift; sourceTree = "<group>"; };
		B8000013123456780000000A /* ProfileView.swift */ = {isa = PBXFileReference; lastKnownFileType = sourcecode.swift; path = ProfileView.swift; sourceTree = "<group>"; };
		B8000015123456780000000B /* RiskResultView.swift */ = {isa = PBXFileReference; lastKnownFileType = sourcecode.swift; path = RiskResultView.swift; sourceTree = "<group>"; };
		B8000017123456780000000C /* Assets.xcassets */ = {isa = PBXFileReference; lastKnownFileType = folder.assetcatalog; path = Assets.xcassets; sourceTree = "<group>"; };
		B8000019123456780000000D /* LipidReading.swift */ = {isa = PBXFileReference; lastKnownFileType = sourcecode.swift; path = LipidReading.swift; sourceTree = "<group>"; };
		B800001B123456780000000E /* LipidEntryView.swift */ = {isa = PBXFileReference; lastKnownFileType = sourcecode.swift; path = LipidEntryView.swift; sourceTree = "<group>"; };
		B800001D123456780000000F /* LipidHistoryView.swift */ = {isa = PBXFileReference; lastKnownFileType = sourcecode.swift; path = LipidHistoryView.swift; sourceTree = "<group>"; };
		B800001F1234567800000010 /* SchemaVersioning.swift */ = {isa = PBXFileReference; lastKnownFileType = sourcecode.swift; path = SchemaVersioning.swift; sourceTree = "<group>"; };
		B80000201234567800000010 /* CVRtracker.app */ = {isa = PBXFileReference; explicitFileType = wrapper.application; includeInIndex = 0; path = CVRtracker.app; sourceTree = BUILT_PRODUCTS_DIR; };
		B80000211234567800000011 /* HelpContent.swift */ = {isa = PBXFileReference; lastKnownFileType = sourcecode.swift; path = HelpContent.swift; sourceTree = "<group>"; };
		B80000231234567800000012 /* TutorialView.swift */ = {isa = PBXFileReference; lastKnownFileType = sourcecode.swift; path = TutorialView.swift; sourceTree = "<group>"; };
		B80000251234567800000013 /* HealthKitManager.swift */ = {isa = PBXFileReference; lastKnownFileType = sourcecode.swift; path = HealthKitManager.swift; sourceTree = "<group>"; };
		B80000271234567800000014 /* iCloudSyncManager.swift */ = {isa = PBXFileReference; lastKnownFileType = sourcecode.swift; path = iCloudSyncManager.swift; sourceTree = "<group>"; };
/* End PBXFileReference section */

/* Begin PBXFileSystemSynchronizedBuildFileExceptionSet section */
		6F1031ED2F12376100A5B666 /* PBXFileSystemSynchronizedBuildFileExceptionSet */ = {
			isa = PBXFileSystemSynchronizedBuildFileExceptionSet;
			membershipExceptions = (
				CVRtrackerTestsAppLaunchTests.swift,
				CVRtrackerTestsCVRtrackerSchemaTests.swift,
				CVRtrackerTestsDateExtensionsTests.swift,
				CVRtrackerTestsHealthKitManagerTests.swift,
				CVRtrackerTestsModelTests.swift,
				CVRtrackerTestsValidationTests.swift,
			);
			target = B80000501234567800000040 /* CVRtracker */;
		};
		6F1031EE2F12376100A5B666 /* PBXFileSystemSynchronizedBuildFileExceptionSet */ = {
			isa = PBXFileSystemSynchronizedBuildFileExceptionSet;
			membershipExceptions = (
				CVRtrackerTestsAppLaunchTests.swift,
				CVRtrackerTestsCVRtrackerSchemaTests.swift,
				CVRtrackerTestsDateExtensionsTests.swift,
				CVRtrackerTestsHealthKitManagerTests.swift,
				CVRtrackerTestsModelTests.swift,
				CVRtrackerTestsValidationTests.swift,
			);
			target = 6F1031E12F12371800A5B666 /* CVRtrackerTests */;
		};
/* End PBXFileSystemSynchronizedBuildFileExceptionSet section */

/* Begin PBXFileSystemSynchronizedRootGroup section */
		6F1031E32F12371800A5B666 /* CVRtrackerTests */ = {isa = PBXFileSystemSynchronizedRootGroup; exceptions = (6F1031ED2F12376100A5B666 /* PBXFileSystemSynchronizedBuildFileExceptionSet */, 6F1031EE2F12376100A5B666 /* PBXFileSystemSynchronizedBuildFileExceptionSet */, ); explicitFileTypes = {}; explicitFolders = (); path = CVRtrackerTests; sourceTree = "<group>"; };
/* End PBXFileSystemSynchronizedRootGroup section */

/* Begin PBXFrameworksBuildPhase section */
		6F1031DF2F12371800A5B666 /* Frameworks */ = {
			isa = PBXFrameworksBuildPhase;
			buildActionMask = 2147483647;
			files = (
			);
			runOnlyForDeploymentPostprocessing = 0;
		};
		B80000301234567800000020 /* Frameworks */ = {
			isa = PBXFrameworksBuildPhase;
			buildActionMask = 2147483647;
			files = (
			);
			runOnlyForDeploymentPostprocessing = 0;
		};
/* End PBXFrameworksBuildPhase section */

/* Begin PBXGroup section */
		B80000401234567800000030 = {
			isa = PBXGroup;
			children = (
				B80000411234567800000031 /* CVRtracker */,
				6F1031E32F12371800A5B666 /* CVRtrackerTests */,
				B80000421234567800000032 /* Products */,
			);
			sourceTree = "<group>";
		};
		B80000411234567800000031 /* CVRtracker */ = {
			isa = PBXGroup;
			children = (
				6F1031D12F11D49800A5B666 /* CVRtracker.entitlements */,
				B80000011234567800000001 /* CVRtrackerApp.swift */,
				B80000431234567800000033 /* Models */,
				B80000441234567800000034 /* Views */,
				B80000451234567800000035 /* Services */,
				B8000017123456780000000C /* Assets.xcassets */,
			);
			path = CVRtracker;
			sourceTree = "<group>";
		};
		B80000421234567800000032 /* Products */ = {
			isa = PBXGroup;
			children = (
				B80000201234567800000010 /* CVRtracker.app */,
				6F1031E22F12371800A5B666 /* CVRtrackerTests.xctest */,
			);
			name = Products;
			sourceTree = "<group>";
		};
		B80000431234567800000033 /* Models */ = {
			isa = PBXGroup;
			children = (
				B80000051234567800000003 /* BPReading.swift */,
				B80000071234567800000004 /* UserProfile.swift */,
				B80000091234567800000005 /* Calculations.swift */,
				B8000019123456780000000D /* LipidReading.swift */,
				B800001F1234567800000010 /* SchemaVersioning.swift */,
				B80000211234567800000011 /* HelpContent.swift */,
			);
			path = Models;
			sourceTree = "<group>";
		};
		B80000441234567800000034 /* Views */ = {
			isa = PBXGroup;
			children = (
				B80000031234567800000002 /* ContentView.swift */,
				B800000B1234567800000006 /* DashboardView.swift */,
				B800000D1234567800000007 /* BPEntryView.swift */,
				B800000F1234567800000008 /* HistoryView.swift */,
				B80000111234567800000009 /* TrendChartView.swift */,
				B8000013123456780000000A /* ProfileView.swift */,
				B8000015123456780000000B /* RiskResultView.swift */,
				B800001B123456780000000E /* LipidEntryView.swift */,
				B800001D123456780000000F /* LipidHistoryView.swift */,
				B80000231234567800000012 /* TutorialView.swift */,
			);
			path = Views;
			sourceTree = "<group>";
		};
		B80000451234567800000035 /* Services */ = {
			isa = PBXGroup;
			children = (
				B80000251234567800000013 /* HealthKitManager.swift */,
				B80000271234567800000014 /* iCloudSyncManager.swift */,
			);
			path = Services;
			sourceTree = "<group>";
		};
/* End PBXGroup section */

/* Begin PBXNativeTarget section */
		6F1031E12F12371800A5B666 /* CVRtrackerTests */ = {
			isa = PBXNativeTarget;
			buildConfigurationList = 6F1031EA2F12371800A5B666 /* Build configuration list for PBXNativeTarget "CVRtrackerTests" */;
			buildPhases = (
				6F1031DE2F12371800A5B666 /* Sources */,
				6F1031DF2F12371800A5B666 /* Frameworks */,
				6F1031E02F12371800A5B666 /* Resources */,
			);
			buildRules = (
			);
			dependencies = (
				6F1031E92F12371800A5B666 /* PBXTargetDependency */,
			);
			fileSystemSynchronizedGroups = (
				6F1031E32F12371800A5B666 /* CVRtrackerTests */,
			);
			name = CVRtrackerTests;
			packageProductDependencies = (
			);
			productName = CVRtrackerTests;
			productReference = 6F1031E22F12371800A5B666 /* CVRtrackerTests.xctest */;
			productType = "com.apple.product-type.bundle.ui-testing";
		};
		B80000501234567800000040 /* CVRtracker */ = {
			isa = PBXNativeTarget;
			buildConfigurationList = B80000601234567800000050 /* Build configuration list for PBXNativeTarget "CVRtracker" */;
			buildPhases = (
				B80000511234567800000041 /* Sources */,
				B80000301234567800000020 /* Frameworks */,
				B80000521234567800000042 /* Resources */,
			);
			buildRules = (
			);
			dependencies = (
			);
			name = CVRtracker;
			productName = CVRtracker;
			productReference = B80000201234567800000010 /* CVRtracker.app */;
			productType = "com.apple.product-type.application";
		};
/* End PBXNativeTarget section */

/* Begin PBXProject section */
		B80000701234567800000060 /* Project object */ = {
			isa = PBXProject;
			attributes = {
				BuildIndependentTargetsInParallel = 1;
				LastSwiftUpdateCheck = 2610;
				LastUpgradeCheck = 2610;
				TargetAttributes = {
					6F1031E12F12371800A5B666 = {
						CreatedOnToolsVersion = 26.1;
						TestTargetID = B80000501234567800000040;
					};
					B80000501234567800000040 = {
						CreatedOnToolsVersion = 15.0;
					};
				};
			};
			buildConfigurationList = B80000711234567800000061 /* Build configuration list for PBXProject "CVRtracker" */;
			compatibilityVersion = "Xcode 14.0";
			developmentRegion = en;
			hasScannedForEncodings = 0;
			knownRegions = (
				en,
				Base,
			);
			mainGroup = B80000401234567800000030;
			productRefGroup = B80000421234567800000032 /* Products */;
			projectDirPath = "";
			projectRoot = "";
			targets = (
				B80000501234567800000040 /* CVRtracker */,
				6F1031E12F12371800A5B666 /* CVRtrackerTests */,
			);
		};
/* End PBXProject section */

/* Begin PBXResourcesBuildPhase section */
		6F1031E02F12371800A5B666 /* Resources */ = {
			isa = PBXResourcesBuildPhase;
			buildActionMask = 2147483647;
			files = (
			);
			runOnlyForDeploymentPostprocessing = 0;
		};
		B80000521234567800000042 /* Resources */ = {
			isa = PBXResourcesBuildPhase;
			buildActionMask = 2147483647;
			files = (
				B8000016123456780000000C /* Assets.xcassets in Resources */,
			);
			runOnlyForDeploymentPostprocessing = 0;
		};
/* End PBXResourcesBuildPhase section */

/* Begin PBXSourcesBuildPhase section */
		6F1031DE2F12371800A5B666 /* Sources */ = {
			isa = PBXSourcesBuildPhase;
			buildActionMask = 2147483647;
			files = (
			);
			runOnlyForDeploymentPostprocessing = 0;
		};
		B80000511234567800000041 /* Sources */ = {
			isa = PBXSourcesBuildPhase;
			buildActionMask = 2147483647;
			files = (
				B80000001234567800000001 /* CVRtrackerApp.swift in Sources */,
				B80000021234567800000002 /* ContentView.swift in Sources */,
				B80000041234567800000003 /* BPReading.swift in Sources */,
				B80000061234567800000004 /* UserProfile.swift in Sources */,
				B80000081234567800000005 /* Calculations.swift in Sources */,
				B800000A1234567800000006 /* DashboardView.swift in Sources */,
				B800000C1234567800000007 /* BPEntryView.swift in Sources */,
				B800000E1234567800000008 /* HistoryView.swift in Sources */,
				B80000101234567800000009 /* TrendChartView.swift in Sources */,
				B8000012123456780000000A /* ProfileView.swift in Sources */,
				B8000014123456780000000B /* RiskResultView.swift in Sources */,
				B8000018123456780000000D /* LipidReading.swift in Sources */,
				B800001A123456780000000E /* LipidEntryView.swift in Sources */,
				B800001C123456780000000F /* LipidHistoryView.swift in Sources */,
				B800001E1234567800000010 /* SchemaVersioning.swift in Sources */,
				B80000201234567800000011 /* HelpContent.swift in Sources */,
				B80000221234567800000012 /* TutorialView.swift in Sources */,
				B80000241234567800000013 /* HealthKitManager.swift in Sources */,
				B80000261234567800000014 /* iCloudSyncManager.swift in Sources */,
			);
			runOnlyForDeploymentPostprocessing = 0;
		};
/* End PBXSourcesBuildPhase section */

/* Begin PBXTargetDependency section */
		6F1031E92F12371800A5B666 /* PBXTargetDependency */ = {
			isa = PBXTargetDependency;
			target = B80000501234567800000040 /* CVRtracker */;
			targetProxy = 6F1031E82F12371800A5B666 /* PBXContainerItemProxy */;
		};
/* End PBXTargetDependency section */

/* Begin XCBuildConfiguration section */
		6F1031EB2F12371800A5B666 /* Debug */ = {
			isa = XCBuildConfiguration;
			buildSettings = {
				CODE_SIGN_STYLE = Automatic;
				CURRENT_PROJECT_VERSION = 1;
				DEVELOPMENT_TEAM = X5DWXB4283;
				GENERATE_INFOPLIST_FILE = YES;
				IPHONEOS_DEPLOYMENT_TARGET = 26.1;
				MARKETING_VERSION = 1.0;
				PRODUCT_BUNDLE_IDENTIFIER = hherb.CVRtrackerTests;
				PRODUCT_NAME = "$(TARGET_NAME)";
				STRING_CATALOG_GENERATE_SYMBOLS = NO;
				SWIFT_APPROACHABLE_CONCURRENCY = YES;
				SWIFT_EMIT_LOC_STRINGS = NO;
				SWIFT_UPCOMING_FEATURE_MEMBER_IMPORT_VISIBILITY = YES;
				SWIFT_VERSION = 5.0;
				TARGETED_DEVICE_FAMILY = "1,2";
				TEST_TARGET_NAME = CVRtracker;
			};
			name = Debug;
		};
		6F1031EC2F12371800A5B666 /* Release */ = {
			isa = XCBuildConfiguration;
			buildSettings = {
				CODE_SIGN_STYLE = Automatic;
				CURRENT_PROJECT_VERSION = 1;
				DEVELOPMENT_TEAM = X5DWXB4283;
				GENERATE_INFOPLIST_FILE = YES;
				IPHONEOS_DEPLOYMENT_TARGET = 26.1;
				MARKETING_VERSION = 1.0;
				PRODUCT_BUNDLE_IDENTIFIER = hherb.CVRtrackerTests;
				PRODUCT_NAME = "$(TARGET_NAME)";
				STRING_CATALOG_GENERATE_SYMBOLS = NO;
				SWIFT_APPROACHABLE_CONCURRENCY = YES;
				SWIFT_EMIT_LOC_STRINGS = NO;
				SWIFT_UPCOMING_FEATURE_MEMBER_IMPORT_VISIBILITY = YES;
				SWIFT_VERSION = 5.0;
				TARGETED_DEVICE_FAMILY = "1,2";
				TEST_TARGET_NAME = CVRtracker;
			};
			name = Release;
		};
		B80000801234567800000070 /* Debug */ = {
			isa = XCBuildConfiguration;
			buildSettings = {
				ALWAYS_SEARCH_USER_PATHS = NO;
				ASSETCATALOG_COMPILER_GENERATE_SWIFT_ASSET_SYMBOL_EXTENSIONS = YES;
				CLANG_ANALYZER_NONNULL = YES;
				CLANG_ANALYZER_NUMBER_OBJECT_CONVERSION = YES_AGGRESSIVE;
				CLANG_CXX_LANGUAGE_STANDARD = "gnu++20";
				CLANG_ENABLE_MODULES = YES;
				CLANG_ENABLE_OBJC_ARC = YES;
				CLANG_ENABLE_OBJC_WEAK = YES;
				CLANG_WARN_BLOCK_CAPTURE_AUTORELEASING = YES;
				CLANG_WARN_BOOL_CONVERSION = YES;
				CLANG_WARN_COMMA = YES;
				CLANG_WARN_CONSTANT_CONVERSION = YES;
				CLANG_WARN_DEPRECATED_OBJC_IMPLEMENTATIONS = YES;
				CLANG_WARN_DIRECT_OBJC_ISA_USAGE = YES_ERROR;
				CLANG_WARN_DOCUMENTATION_COMMENTS = YES;
				CLANG_WARN_EMPTY_BODY = YES;
				CLANG_WARN_ENUM_CONVERSION = YES;
				CLANG_WARN_INFINITE_RECURSION = YES;
				CLANG_WARN_INT_CONVERSION = YES;
				CLANG_WARN_NON_LITERAL_NULL_CONVERSION = YES;
				CLANG_WARN_OBJC_IMPLICIT_RETAIN_SELF = YES;
				CLANG_WARN_OBJC_LITERAL_CONVERSION = YES;
				CLANG_WARN_OBJC_ROOT_CLASS = YES_ERROR;
				CLANG_WARN_QUOTED_INCLUDE_IN_FRAMEWORK_HEADER = YES;
				CLANG_WARN_RANGE_LOOP_ANALYSIS = YES;
				CLANG_WARN_STRICT_PROTOTYPES = YES;
				CLANG_WARN_SUSPICIOUS_MOVE = YES;
				CLANG_WARN_UNGUARDED_AVAILABILITY = YES_AGGRESSIVE;
				CLANG_WARN_UNREACHABLE_CODE = YES;
				CLANG_WARN__DUPLICATE_METHOD_MATCH = YES;
				COPY_PHASE_STRIP = NO;
				DEBUG_INFORMATION_FORMAT = dwarf;
				DEVELOPMENT_TEAM = X5DWXB4283;
				ENABLE_STRICT_OBJC_MSGSEND = YES;
				ENABLE_TESTABILITY = YES;
				ENABLE_USER_SCRIPT_SANDBOXING = YES;
				GCC_C_LANGUAGE_STANDARD = gnu17;
				GCC_DYNAMIC_NO_PIC = NO;
				GCC_NO_COMMON_BLOCKS = YES;
				GCC_OPTIMIZATION_LEVEL = 0;
				GCC_PREPROCESSOR_DEFINITIONS = (
					"DEBUG=1",
					"$(inherited)",
				);
				GCC_WARN_64_TO_32_BIT_CONVERSION = YES;
				GCC_WARN_ABOUT_RETURN_TYPE = YES_ERROR;
				GCC_WARN_UNDECLARED_SELECTOR = YES;
				GCC_WARN_UNINITIALIZED_AUTOS = YES_AGGRESSIVE;
				GCC_WARN_UNUSED_FUNCTION = YES;
				GCC_WARN_UNUSED_VARIABLE = YES;
				IPHONEOS_DEPLOYMENT_TARGET = 17.0;
				LOCALIZATION_PREFERS_STRING_CATALOGS = YES;
				MTL_ENABLE_DEBUG_INFO = INCLUDE_SOURCE;
				MTL_FAST_MATH = YES;
				ONLY_ACTIVE_ARCH = YES;
				SDKROOT = iphoneos;
				STRING_CATALOG_GENERATE_SYMBOLS = YES;
				SWIFT_ACTIVE_COMPILATION_CONDITIONS = "DEBUG $(inherited)";
				SWIFT_OPTIMIZATION_LEVEL = "-Onone";
			};
			name = Debug;
		};
		B80000811234567800000071 /* Release */ = {
			isa = XCBuildConfiguration;
			buildSettings = {
				ALWAYS_SEARCH_USER_PATHS = NO;
				ASSETCATALOG_COMPILER_GENERATE_SWIFT_ASSET_SYMBOL_EXTENSIONS = YES;
				CLANG_ANALYZER_NONNULL = YES;
				CLANG_ANALYZER_NUMBER_OBJECT_CONVERSION = YES_AGGRESSIVE;
				CLANG_CXX_LANGUAGE_STANDARD = "gnu++20";
				CLANG_ENABLE_MODULES = YES;
				CLANG_ENABLE_OBJC_ARC = YES;
				CLANG_ENABLE_OBJC_WEAK = YES;
				CLANG_WARN_BLOCK_CAPTURE_AUTORELEASING = YES;
				CLANG_WARN_BOOL_CONVERSION = YES;
				CLANG_WARN_COMMA = YES;
				CLANG_WARN_CONSTANT_CONVERSION = YES;
				CLANG_WARN_DEPRECATED_OBJC_IMPLEMENTATIONS = YES;
				CLANG_WARN_DIRECT_OBJC_ISA_USAGE = YES_ERROR;
				CLANG_WARN_DOCUMENTATION_COMMENTS = YES;
				CLANG_WARN_EMPTY_BODY = YES;
				CLANG_WARN_ENUM_CONVERSION = YES;
				CLANG_WARN_INFINITE_RECURSION = YES;
				CLANG_WARN_INT_CONVERSION = YES;
				CLANG_WARN_NON_LITERAL_NULL_CONVERSION = YES;
				CLANG_WARN_OBJC_IMPLICIT_RETAIN_SELF = YES;
				CLANG_WARN_OBJC_LITERAL_CONVERSION = YES;
				CLANG_WARN_OBJC_ROOT_CLASS = YES_ERROR;
				CLANG_WARN_QUOTED_INCLUDE_IN_FRAMEWORK_HEADER = YES;
				CLANG_WARN_RANGE_LOOP_ANALYSIS = YES;
				CLANG_WARN_STRICT_PROTOTYPES = YES;
				CLANG_WARN_SUSPICIOUS_MOVE = YES;
				CLANG_WARN_UNGUARDED_AVAILABILITY = YES_AGGRESSIVE;
				CLANG_WARN_UNREACHABLE_CODE = YES;
				CLANG_WARN__DUPLICATE_METHOD_MATCH = YES;
				COPY_PHASE_STRIP = NO;
				DEBUG_INFORMATION_FORMAT = "dwarf-with-dsym";
				DEVELOPMENT_TEAM = X5DWXB4283;
				ENABLE_NS_ASSERTIONS = NO;
				ENABLE_STRICT_OBJC_MSGSEND = YES;
				ENABLE_USER_SCRIPT_SANDBOXING = YES;
				GCC_C_LANGUAGE_STANDARD = gnu17;
				GCC_NO_COMMON_BLOCKS = YES;
				GCC_WARN_64_TO_32_BIT_CONVERSION = YES;
				GCC_WARN_ABOUT_RETURN_TYPE = YES_ERROR;
				GCC_WARN_UNDECLARED_SELECTOR = YES;
				GCC_WARN_UNINITIALIZED_AUTOS = YES_AGGRESSIVE;
				GCC_WARN_UNUSED_FUNCTION = YES;
				GCC_WARN_UNUSED_VARIABLE = YES;
				IPHONEOS_DEPLOYMENT_TARGET = 17.0;
				LOCALIZATION_PREFERS_STRING_CATALOGS = YES;
				MTL_ENABLE_DEBUG_INFO = NO;
				MTL_FAST_MATH = YES;
				SDKROOT = iphoneos;
				STRING_CATALOG_GENERATE_SYMBOLS = YES;
				SWIFT_COMPILATION_MODE = wholemodule;
				VALIDATE_PRODUCT = YES;
			};
			name = Release;
		};
		B80000821234567800000072 /* Debug */ = {
			isa = XCBuildConfiguration;
			buildSettings = {
				ASSETCATALOG_COMPILER_APPICON_NAME = AppIcon;
				ASSETCATALOG_COMPILER_GLOBAL_ACCENT_COLOR_NAME = AccentColor;
				CODE_SIGN_ENTITLEMENTS = CVRtracker/CVRtracker.entitlements;
				CODE_SIGN_STYLE = Automatic;
				CURRENT_PROJECT_VERSION = 1;
				DEVELOPMENT_ASSET_PATHS = "";
				ENABLE_PREVIEWS = YES;
				GENERATE_INFOPLIST_FILE = YES;
				INFOPLIST_KEY_CFBundleDisplayName = "CVR Tracker";
				INFOPLIST_KEY_LSApplicationCategoryType = "public.app-category.medical";
				INFOPLIST_KEY_NSHealthShareUsageDescription = "CVR Tracker reads blood pressure and heart rate data from Apple Health to provide a complete view of your cardiovascular health.";
				INFOPLIST_KEY_NSHealthUpdateUsageDescription = "CVR Tracker saves your blood pressure readings to Apple Health so they're available in other health apps.";
				INFOPLIST_KEY_UIApplicationSceneManifest_Generation = YES;
				INFOPLIST_KEY_UIApplicationSupportsIndirectInputEvents = YES;
				INFOPLIST_KEY_UILaunchScreen_Generation = YES;
				INFOPLIST_KEY_UISupportedInterfaceOrientations_iPad = "UIInterfaceOrientationPortrait UIInterfaceOrientationPortraitUpsideDown UIInterfaceOrientationLandscapeLeft UIInterfaceOrientationLandscapeRight";
				INFOPLIST_KEY_UISupportedInterfaceOrientations_iPhone = "UIInterfaceOrientationPortrait UIInterfaceOrientationLandscapeLeft UIInterfaceOrientationLandscapeRight";
				LD_RUNPATH_SEARCH_PATHS = (
					"$(inherited)",
					"@executable_path/Frameworks",
				);
				MARKETING_VERSION = 1.0;
				PRODUCT_BUNDLE_IDENTIFIER = com.hherb.CVRtracker;
				PRODUCT_NAME = "$(TARGET_NAME)";
				SWIFT_EMIT_LOC_STRINGS = YES;
				SWIFT_VERSION = 5.0;
				TARGETED_DEVICE_FAMILY = "1,2";
			};
			name = Debug;
		};
		B80000831234567800000073 /* Release */ = {
			isa = XCBuildConfiguration;
			buildSettings = {
				ASSETCATALOG_COMPILER_APPICON_NAME = AppIcon;
				ASSETCATALOG_COMPILER_GLOBAL_ACCENT_COLOR_NAME = AccentColor;
				CODE_SIGN_ENTITLEMENTS = CVRtracker/CVRtracker.entitlements;
				CODE_SIGN_STYLE = Automatic;
				CURRENT_PROJECT_VERSION = 1;
				DEVELOPMENT_ASSET_PATHS = "";
				ENABLE_PREVIEWS = YES;
				GENERATE_INFOPLIST_FILE = YES;
				INFOPLIST_KEY_CFBundleDisplayName = "CVR Tracker";
				INFOPLIST_KEY_LSApplicationCategoryType = "public.app-category.medical";
				INFOPLIST_KEY_NSHealthShareUsageDescription = "CVR Tracker reads blood pressure and heart rate data from Apple Health to provide a complete view of your cardiovascular health.";
				INFOPLIST_KEY_NSHealthUpdateUsageDescription = "CVR Tracker saves your blood pressure readings to Apple Health so they're available in other health apps.";
				INFOPLIST_KEY_UIApplicationSceneManifest_Generation = YES;
				INFOPLIST_KEY_UIApplicationSupportsIndirectInputEvents = YES;
				INFOPLIST_KEY_UILaunchScreen_Generation = YES;
				INFOPLIST_KEY_UISupportedInterfaceOrientations_iPad = "UIInterfaceOrientationPortrait UIInterfaceOrientationPortraitUpsideDown UIInterfaceOrientationLandscapeLeft UIInterfaceOrientationLandscapeRight";
				INFOPLIST_KEY_UISupportedInterfaceOrientations_iPhone = "UIInterfaceOrientationPortrait UIInterfaceOrientationLandscapeLeft UIInterfaceOrientationLandscapeRight";
				LD_RUNPATH_SEARCH_PATHS = (
					"$(inherited)",
					"@executable_path/Frameworks",
				);
				MARKETING_VERSION = 1.0;
				PRODUCT_BUNDLE_IDENTIFIER = com.hherb.CVRtracker;
				PRODUCT_NAME = "$(TARGET_NAME)";
				SWIFT_EMIT_LOC_STRINGS = YES;
				SWIFT_VERSION = 5.0;
				TARGETED_DEVICE_FAMILY = "1,2";
			};
			name = Release;
		};
/* End XCBuildConfiguration section */

/* Begin XCConfigurationList section */
		6F1031EA2F12371800A5B666 /* Build configuration list for PBXNativeTarget "CVRtrackerTests" */ = {
			isa = XCConfigurationList;
			buildConfigurations = (
				6F1031EB2F12371800A5B666 /* Debug */,
				6F1031EC2F12371800A5B666 /* Release */,
			);
			defaultConfigurationIsVisible = 0;
			defaultConfigurationName = Release;
		};
		B80000601234567800000050 /* Build configuration list for PBXNativeTarget "CVRtracker" */ = {
			isa = XCConfigurationList;
			buildConfigurations = (
				B80000821234567800000072 /* Debug */,
				B80000831234567800000073 /* Release */,
			);
			defaultConfigurationIsVisible = 0;
			defaultConfigurationName = Release;
		};
		B80000711234567800000061 /* Build configuration list for PBXProject "CVRtracker" */ = {
			isa = XCConfigurationList;
			buildConfigurations = (
				B80000801234567800000070 /* Debug */,
				B80000811234567800000071 /* Release */,
			);
			defaultConfigurationIsVisible = 0;
			defaultConfigurationName = Release;
		};
/* End XCConfigurationList section */
	};
	rootObject = B80000701234567800000060 /* Project object */;
}
